# This file is autogenerated, do not edit; changes may be undone by the next 'dep ensure'.


[[projects]]
  branch = "feature/SWDEV-142-activate-user"
  digest = "1:792756162135d754987b7f66e753d8eb0a58a02159b3fd888beae089a1b4b1f7"
  name = "github.com/Ankr-network/dccn-common"
  packages = [
    "db",
    "protos",
    "protos/common",
    "protos/dcmgr/v1/grpc",
    "protos/dcmgr/v1/micro",
    "protos/email/v1/micro",
    "protos/taskmgr/v1/grpc",
    "protos/taskmgr/v1/micro",
    "protos/usermgr/v1/grpc",
    "protos/usermgr/v1/micro",
  ]
  pruneopts = "UT"
  revision = "55ed8acc696f490eaa0b8ba5ba3ffab1994f4fa8"

[[projects]]
  branch = "master"
  digest = "1:ef5b0622d834c139454148b8fd0c92bb314828900532b267ae62da9fec109866"
  name = "github.com/armon/go-metrics"
  packages = ["."]
  pruneopts = "UT"
  revision = "f0300d1749da6fa982027e449ec0c7a145510c3c"

[[projects]]
  digest = "1:07df640528bc8f700134224c0653074b30cba4e4bf416c6dabc9ef7a8bcfb9b9"
  name = "github.com/aws/aws-sdk-go"
  packages = [
    "aws",
    "aws/awserr",
    "aws/awsutil",
    "aws/client",
    "aws/client/metadata",
    "aws/corehandlers",
    "aws/credentials",
    "aws/credentials/ec2rolecreds",
    "aws/credentials/endpointcreds",
    "aws/credentials/processcreds",
    "aws/credentials/stscreds",
    "aws/csm",
    "aws/defaults",
    "aws/ec2metadata",
    "aws/endpoints",
    "aws/request",
    "aws/session",
    "aws/signer/v4",
    "internal/ini",
    "internal/sdkio",
    "internal/sdkrand",
    "internal/sdkuri",
    "internal/shareddefaults",
    "private/protocol",
    "private/protocol/query",
    "private/protocol/query/queryutil",
    "private/protocol/rest",
    "private/protocol/xml/xmlutil",
    "service/ses",
    "service/sts",
  ]
  pruneopts = "UT"
  revision = "10ce3494cb43d3d8dd58b4e5fa40edc2136bf96b"
  version = "v1.16.36"

[[projects]]
  digest = "1:76dc72490af7174349349838f2fe118996381b31ea83243812a97e5a0fd5ed55"
  name = "github.com/dgrijalva/jwt-go"
  packages = ["."]
  pruneopts = "UT"
  revision = "06ea1031745cb8b3dab3f6a236daf2b0aa468b7e"
  version = "v3.2.0"

[[projects]]
  digest = "1:4be5d1a52c61b74c0a4d62f37c0640f706ae6e07eb73617dd013990d565717d5"
  name = "github.com/go-log/log"
  packages = [
    ".",
    "log",
  ]
  pruneopts = "UT"
  revision = "37e2e1f19306361e1fc152a1839f1236149cb4e4"
  version = "v0.1.0"

[[projects]]
  digest = "1:4c0989ca0bcd10799064318923b9bc2db6b4d6338dd75f3f2d86c3511aaaf5cf"
  name = "github.com/golang/protobuf"
  packages = [
    "proto",
    "ptypes",
    "ptypes/any",
    "ptypes/duration",
    "ptypes/timestamp",
  ]
  pruneopts = "UT"
  revision = "aa810b61a9c79d51363740d207bb46cf8e620ed5"
  version = "v1.2.0"

[[projects]]
  branch = "master"
  digest = "1:0bfbe13936953a98ae3cfe8ed6670d396ad81edf069a806d2f6515d7bb6950df"
  name = "github.com/google/btree"
  packages = ["."]
  pruneopts = "UT"
  revision = "4030bb1f1f0c35b30ca7009e9ebd06849dd45306"

[[projects]]
  digest = "1:236d7e1bdb50d8f68559af37dbcf9d142d56b431c9b2176d41e2a009b664cda8"
  name = "github.com/google/uuid"
  packages = ["."]
  pruneopts = "UT"
  revision = "9b3b1e0f5f99ae461456d768e7d301a7acdaa2d8"
  version = "v1.1.0"

[[projects]]
  digest = "1:e3f17aa0eb8c151426d23cb767ae50f5b42c46533db3424761ee639b56ab9041"
  name = "github.com/gorhill/cronexpr"
  packages = ["."]
  pruneopts = "UT"
  revision = "a557574d6c024ed6e36acc8b610f5f211c91568a"
  version = "1.0.0"

[[projects]]
  digest = "1:9088a53706dbe7fec47e520cad1eb20c2ce93839554e20f0189f2e0de559ca91"
  name = "github.com/hashicorp/consul"
  packages = [
    "api",
    "watch",
  ]
  pruneopts = "UT"
  revision = "c97c712e96e0e53308054d5e1180289fe02dce38"
  version = "v1.4.2"

[[projects]]
  digest = "1:0ade334594e69404d80d9d323445d2297ff8161637f9b2d347cc6973d2d6f05b"
  name = "github.com/hashicorp/errwrap"
  packages = ["."]
  pruneopts = "UT"
  revision = "8a6fb523712970c966eefc6b39ed2c5e74880354"
  version = "v1.0.0"

[[projects]]
  digest = "1:f47d6109c2034cb16bd62b220e18afd5aa9d5a1630fe5d937ad96a4fb7cbb277"
  name = "github.com/hashicorp/go-cleanhttp"
  packages = ["."]
  pruneopts = "UT"
  revision = "e8ab9daed8d1ddd2d3c4efba338fe2eeae2e4f18"
  version = "v0.5.0"

[[projects]]
  digest = "1:2be5a35f0c5b35162c41bb24971e5dcf6ce825403296ee435429cdcc4e1e847e"
  name = "github.com/hashicorp/go-immutable-radix"
  packages = ["."]
  pruneopts = "UT"
  revision = "27df80928bb34bb1b0d6d0e01b9e679902e7a6b5"
  version = "v1.0.0"

[[projects]]
  digest = "1:b8ba23b0b493e601d5ebaf21079bd3433eb304a5d73c0fb40b8aea526e94f46b"
  name = "github.com/hashicorp/go-msgpack"
  packages = ["codec"]
  pruneopts = "UT"
  revision = "be3a5be7ee2202386d02936a19ae4fbde1c77800"
  version = "v0.5.3"

[[projects]]
  digest = "1:f668349b83f7d779567c880550534addeca7ebadfdcf44b0b9c39be61864b4b7"
  name = "github.com/hashicorp/go-multierror"
  packages = ["."]
  pruneopts = "UT"
  revision = "886a7fbe3eb1c874d46f623bfa70af45f425b3d1"
  version = "v1.0.0"

[[projects]]
  digest = "1:a54ada9beb59fdc35b69322979e870ff0b780e03f4dc309c4c8674b94927df75"
  name = "github.com/hashicorp/go-rootcerts"
  packages = ["."]
  pruneopts = "UT"
  revision = "63503fb4e1eca22f9ae0f90b49c5d5538a0e87eb"
  version = "v1.0.0"

[[projects]]
  digest = "1:3c4c27026ab6a3218dbde897568f651c81062e2ee6e617e57ae46ca95bb1db6b"
  name = "github.com/hashicorp/go-sockaddr"
  packages = ["."]
  pruneopts = "UT"
  revision = "3aed17b5ee41761cc2b04f2a94c7107d428967e5"
  version = "v1.0.1"

[[projects]]
  digest = "1:67474f760e9ac3799f740db2c489e6423a4cde45520673ec123ac831ad849cb8"
  name = "github.com/hashicorp/golang-lru"
  packages = ["simplelru"]
  pruneopts = "UT"
  revision = "20f1fb78b0740ba8c3cb143a61e86ba5c8669768"
  version = "v0.5.0"

[[projects]]
  digest = "1:c839c9a399b78daeff75848565aff9ece9a389e50b77926065b6e504ed088bb5"
  name = "github.com/hashicorp/memberlist"
  packages = ["."]
  pruneopts = "UT"
  revision = "a9da52f0668fc4321ec18e9e28dd8141621a808f"
  version = "v0.1.3"

[[projects]]
  digest = "1:acc81e4e4289587b257ccdfccbc6eaf16d4c2fb57dda73c6bb349bf50f02501f"
  name = "github.com/hashicorp/serf"
  packages = ["coordinate"]
  pruneopts = "UT"
  revision = "b89a09ebd4b1b570e0076d5097272e67c10ac4f6"
  version = "v0.8.2"

[[projects]]
  digest = "1:bb81097a5b62634f3e9fec1014657855610c82d19b9a40c17612e32651e35dca"
  name = "github.com/jmespath/go-jmespath"
  packages = ["."]
  pruneopts = "UT"
  revision = "c2b33e84"

[[projects]]
  digest = "1:3e551bbb3a7c0ab2a2bf4660e7fcad16db089fdcfbb44b0199e62838038623ea"
  name = "github.com/json-iterator/go"
  packages = ["."]
  pruneopts = "UT"
  revision = "1624edc4454b8682399def8740d46db5e4362ba4"
  version = "v1.1.5"

[[projects]]
  digest = "1:6491a68a381ec652fad0b1ed9664870b21763058270be238fc9dd0875e21c095"
  name = "github.com/micro/cli"
  packages = ["."]
  pruneopts = "UT"
  revision = "bef92b8564e931cfd32870e52be76880ce358235"
  version = "v0.1.0"

[[projects]]
  digest = "1:ea66ad5ef6a772db85c9c6eca72136f6f6e7b0d96983ba3bb82d5acf3a71cf11"
  name = "github.com/micro/go-grpc"
  packages = [
    ".",
    "broker",
    "client",
    "server",
  ]
  pruneopts = "UT"
  revision = "36812a48569422e572be1c9b877e01971410e1ea"
  version = "v0.9.0"

[[projects]]
  digest = "1:ad887831095e1445d282e25438f7b9d10e42b1e11e6633e29742609312b9e8ed"
  name = "github.com/micro/go-log"
  packages = ["."]
  pruneopts = "UT"
  revision = "5cb7bb4413f4ae8de0d7e826aa2854861d3a6c31"
  version = "v0.1.0"

[[projects]]
  digest = "1:f1ee8aa9243e063c9ac007055c65191ef00c94e32d9ed4a6a9b6f0b704ea715f"
  name = "github.com/micro/go-micro"
  packages = [
    ".",
    "broker",
    "broker/http",
    "broker/memory",
    "client",
    "cmd",
    "codec",
    "codec/bytes",
    "codec/grpc",
    "codec/json",
    "codec/jsonrpc",
    "codec/proto",
    "codec/protorpc",
    "errors",
    "metadata",
    "registry",
    "registry/consul",
    "registry/gossip",
    "registry/gossip/proto",
    "registry/mdns",
    "registry/memory",
    "selector",
    "selector/dns",
    "selector/static",
    "server",
    "server/debug",
    "server/debug/proto",
    "transport",
    "transport/http",
    "transport/memory",
  ]
  pruneopts = "UT"
  revision = "cead99ac4419cb689fd6c46b57aba45a88b05753"
  version = "v0.24.1"

[[projects]]
  digest = "1:dd01d5037caed32a14d1311c5fbdc3ad359efef9a177ca51dd90febb594153c9"
  name = "github.com/micro/go-plugins"
  packages = [
    "broker/grpc",
    "broker/grpc/proto",
    "broker/rabbitmq",
    "client/grpc",
    "server/grpc",
  ]
  pruneopts = "UT"
  revision = "2b2efff55dccf6c4f6fa8d39897b14b9b77543af"
  version = "v0.22.0"

[[projects]]
  digest = "1:baead7e9fa73faf55028ff508e68612d230787c912f64b6533f2d00e37fe835f"
  name = "github.com/micro/go-rcache"
  packages = ["."]
  pruneopts = "UT"
  revision = "c795e0972a7eb6ca2ae1098371028d168870d7d0"
  version = "v0.2.1"

[[projects]]
  digest = "1:6271fb71dcd6758564f64edeb022e7fc4485fa5a63dcb68805ab760e2ec34ead"
  name = "github.com/micro/mdns"
  packages = ["."]
  pruneopts = "UT"
  revision = "3a29b6675e7404722eed4d4dde532c2e103007a7"
  version = "v0.1.0"

[[projects]]
  digest = "1:65c7e1d0a7eb2d2062a69041059a31e65c0009f3c6cd3883d66532110025c7a3"
  name = "github.com/micro/util"
  packages = [
    "go/lib/addr",
    "go/lib/grpc",
    "go/lib/net",
    "go/lib/tls",
  ]
  pruneopts = "UT"
  revision = "77fba40c3c49cc7f12e111d3901a9a710a1854c1"
  version = "v0.1.0"

[[projects]]
  digest = "1:1b46adc9e3d878cdf38a164cfdac2e19340f4d2662aa5bee88062f6ee08ac9df"
  name = "github.com/miekg/dns"
  packages = ["."]
  pruneopts = "UT"
  revision = "8fc2e5773bbd308ca2fcc962fd8d25c1bd0f6743"
  version = "v1.1.4"

[[projects]]
  digest = "1:5d231480e1c64a726869bc4142d270184c419749d34f167646baa21008eb0a79"
  name = "github.com/mitchellh/go-homedir"
  packages = ["."]
  pruneopts = "UT"
  revision = "af06845cf3004701891bf4fdb884bfe4920b3727"
  version = "v1.1.0"

[[projects]]
  digest = "1:61332bb44d05257bbf0356d8400a8b30fe0b9fdc3b72b8b55661da8f0a4f39ae"
  name = "github.com/mitchellh/hashstructure"
  packages = ["."]
  pruneopts = "UT"
  revision = "a38c50148365edc8df43c1580c48fb2b3a1e9cd7"
  version = "v1.0.0"

[[projects]]
  digest = "1:53bc4cd4914cd7cd52139990d5170d6dc99067ae31c56530621b18b35fc30318"
  name = "github.com/mitchellh/mapstructure"
  packages = ["."]
  pruneopts = "UT"
  revision = "3536a929edddb9a5b34bd6861dc4a9647cb459fe"
  version = "v1.1.2"

[[projects]]
  digest = "1:33422d238f147d247752996a26574ac48dcf472976eda7f5134015f06bf16563"
  name = "github.com/modern-go/concurrent"
  packages = ["."]
  pruneopts = "UT"
  revision = "bacd9c7ef1dd9b15be4a9909b8ac7a4e313eec94"
  version = "1.0.3"

[[projects]]
  digest = "1:e32bdbdb7c377a07a9a46378290059822efdce5c8d96fe71940d87cb4f918855"
  name = "github.com/modern-go/reflect2"
  packages = ["."]
  pruneopts = "UT"
  revision = "4b7aa43c6742a2c18fdef89dd197aaae7dac7ccd"
  version = "1.0.1"

[[projects]]
  branch = "master"
  digest = "1:3bf17a6e6eaa6ad24152148a631d18662f7212e21637c2699bff3369b7f00fa2"
  name = "github.com/petar/GoLLRB"
  packages = ["llrb"]
  pruneopts = "UT"
  revision = "53be0d36a84c2a886ca057d34b6aa4468df9ccb4"

[[projects]]
  digest = "1:cf31692c14422fa27c83a05292eb5cbe0fb2775972e8f1f8446a71549bd8980b"
  name = "github.com/pkg/errors"
  packages = ["."]
  pruneopts = "UT"
  revision = "ba968bfe8b2f7e042a574c888954fccecfa385b4"
  version = "v0.8.1"

[[projects]]
  branch = "master"
  digest = "1:579c4bbcc2e16d4caf871ba91c0e2c331b07c5560c80d142d82c0de01c57fa96"
  name = "github.com/sean-/seed"
  packages = ["."]
  pruneopts = "UT"
  revision = "e2103e2c35297fb7e17febb81e49b312087a2372"

[[projects]]
  branch = "master"
  digest = "1:dbd2b63224b02f9c7fd0631edaf6588dfb05fc20608f548fb603ef096fa87474"
  name = "github.com/streadway/amqp"
  packages = ["."]
  pruneopts = "UT"
  revision = "884228600bc96c993ab12fb81ba78bf0c280e88a"

[[projects]]
  branch = "master"
  digest = "1:0199120c0958f5c74a2adfb040fd1554156d39df8068e7695e6654e507d08dc5"
  name = "golang.org/x/crypto"
  packages = [
    "bcrypt",
    "blowfish",
    "ed25519",
    "ed25519/internal/edwards25519",
  ]
  pruneopts = "UT"
  revision = "74369b46fc6756741c016591724fd1cb8e26845f"

[[projects]]
  branch = "master"
  digest = "1:9e9a051e04f815e5676498ad948313cb5938652566a5e66e12f720ca41dc6ff2"
  name = "golang.org/x/net"
  packages = [
    "bpf",
    "context",
    "http/httpguts",
    "http2",
    "http2/h2c",
    "http2/hpack",
    "idna",
    "internal/iana",
    "internal/socket",
    "internal/timeseries",
    "ipv4",
    "ipv6",
    "trace",
  ]
  pruneopts = "UT"
  revision = "3a22650c66bd7f4fb6d1e8072ffd7b75c8a27898"

[[projects]]
  branch = "master"
  digest = "1:8207c052fb873f83c61a5aa16f6add5feb9881eda2112b56f69fd3b9e7f55c3f"
  name = "golang.org/x/sys"
  packages = ["unix"]
  pruneopts = "UT"
  revision = "d0b11bdaac8adb652bff00e49bcacf992835621a"

[[projects]]
  digest = "1:a2ab62866c75542dd18d2b069fec854577a20211d7c0ea6ae746072a1dccdd18"
  name = "golang.org/x/text"
  packages = [
    "collate",
    "collate/build",
    "internal/colltab",
    "internal/gen",
    "internal/tag",
    "internal/triegen",
    "internal/ucd",
    "language",
    "secure/bidirule",
    "transform",
    "unicode/bidi",
    "unicode/cldr",
    "unicode/norm",
    "unicode/rangetable",
  ]
  pruneopts = "UT"
  revision = "f21a4dfb5e38f5895301dc265a8def02365cc3d0"
  version = "v0.3.0"

[[projects]]
  branch = "master"
  digest = "1:077c1c599507b3b3e9156d17d36e1e61928ee9b53a5b420f10f28ebd4a0b275c"
  name = "google.golang.org/genproto"
  packages = ["googleapis/rpc/status"]
  pruneopts = "UT"
  revision = "bd968387e4aa590b3c6e4ba38ecac1ed314d43ad"

[[projects]]
  digest = "1:9ab5a33d8cb5c120602a34d2e985ce17956a4e8c2edce7e6961568f95e40c09a"
  name = "google.golang.org/grpc"
  packages = [
    ".",
    "balancer",
    "balancer/base",
    "balancer/roundrobin",
    "binarylog/grpc_binarylog_v1",
    "codes",
    "connectivity",
    "credentials",
    "credentials/internal",
    "encoding",
    "encoding/proto",
    "grpclog",
    "internal",
    "internal/backoff",
    "internal/binarylog",
    "internal/channelz",
    "internal/envconfig",
    "internal/grpcrand",
    "internal/grpcsync",
    "internal/syscall",
    "internal/transport",
    "keepalive",
    "metadata",
    "naming",
    "peer",
    "resolver",
    "resolver/dns",
    "resolver/passthrough",
    "stats",
    "status",
    "tap",
  ]
  pruneopts = "UT"
  revision = "a02b0774206b209466313a0b525d2c738fe407eb"
  version = "v1.18.0"

[[projects]]
  branch = "v2"
  digest = "1:988de7520a09024d5d94cd99bd545afbf194893994ec759b1cda0a0bbb6adb80"
  name = "gopkg.in/mgo.v2"
  packages = [
    ".",
    "bson",
    "internal/json",
    "internal/sasl",
    "internal/scram",
  ]
  pruneopts = "UT"
  revision = "9856a29383ce1c59f308dd1cf0363a79b5bef6b5"

[solve-meta]
  analyzer-name = "dep"
  analyzer-version = 1
  input-imports = [
    "github.com/Ankr-network/dccn-common/db",
    "github.com/Ankr-network/dccn-common/protos",
    "github.com/Ankr-network/dccn-common/protos/common",
    "github.com/Ankr-network/dccn-common/protos/dcmgr/v1/grpc",
    "github.com/Ankr-network/dccn-common/protos/dcmgr/v1/micro",
    "github.com/Ankr-network/dccn-common/protos/email/v1/micro",
    "github.com/Ankr-network/dccn-common/protos/taskmgr/v1/grpc",
    "github.com/Ankr-network/dccn-common/protos/taskmgr/v1/micro",
    "github.com/Ankr-network/dccn-common/protos/usermgr/v1/grpc",
    "github.com/Ankr-network/dccn-common/protos/usermgr/v1/micro",
    "github.com/aws/aws-sdk-go/aws",
    "github.com/aws/aws-sdk-go/aws/awserr",
    "github.com/aws/aws-sdk-go/aws/session",
    "github.com/aws/aws-sdk-go/service/ses",
    "github.com/dgrijalva/jwt-go",
    "github.com/google/uuid",
    "github.com/gorhill/cronexpr",
    "github.com/micro/go-grpc",
    "github.com/micro/go-micro",
    "github.com/micro/go-micro/client",
    "github.com/micro/go-micro/metadata",
    "github.com/micro/go-micro/server",
    "github.com/micro/go-plugins/broker/rabbitmq",
    "golang.org/x/crypto/bcrypt",
    "google.golang.org/grpc",
    "google.golang.org/grpc/metadata",
    "gopkg.in/mgo.v2",
    "gopkg.in/mgo.v2/bson",
  ]
  solver-name = "gps-cdcl"
  solver-version = 1
